
Microsoft Visual Studio Solution File, Format Version 12.00
# Visual Studio Version 17
VisualStudioVersion = 17.0.32002.185
MinimumVisualStudioVersion = 10.0.40219.1
Project("{FAE04EC0-301F-11D3-BF4B-00C04F79EFBC}") = "IDADES_SOMA_WHILE", "IDADES_SOMA_WHILE\IDADES_SOMA_WHILE.csproj", "{934C85D4-DF95-48A4-9B51-1FBE5E888C44}"
EndProject
Global
	GlobalSection(SolutionConfigurationPlatforms) = preSolution
		Debug|Any CPU = Debug|Any CPU
		Release|Any CPU = Release|Any CPU
	EndGlobalSection
	GlobalSection(ProjectConfigurationPlatforms) = postSolution
		{934C85D4-DF95-48A4-9B51-1FBE5E888C44}.Debug|Any CPU.ActiveCfg = Debug|Any CPU
		{934C85D4-DF95-48A4-9B51-1FBE5E888C44}.Debug|Any CPU.Build.0 = Debug|Any CPU
		{934C85D4-DF95-48A4-9B51-1FBE5E888C44}.Release|Any CPU.ActiveCfg = Release|Any CPU
		{934C85D4-DF95-48A4-9B51-1FBE5E888C44}.Release|Any CPU.Build.0 = Release|Any CPU
	EndGlobalSection
	GlobalSection(SolutionProperties) = preSolution
		HideSolutionNode = FALSE
	EndGlobalSection
	GlobalSection(ExtensibilityGlobals) = postSolution
		SolutionGuid = {3B42214C-9C0D-420B-85C4-675FCACE6759}
	EndGlobalSection
EndGlobal
